
Microsoft Visual Studio Solution File, Format Version 12.00
# Visual Studio Version 17
VisualStudioVersion = 17.14.36221.1 d17.14
MinimumVisualStudioVersion = 10.0.40219.1
Project("{FAE04EC0-301F-11D3-BF4B-00C04F79EFBC}") = "Xenia 360 - (Canary)", "Xenia 360 - (Canary).csproj", "{1FC84690-E773-42E2-9009-4603CE61FD9D}"
EndProject
Global
	GlobalSection(SolutionConfigurationPlatforms) = preSolution
		Debug|Any CPU = Debug|Any CPU
		Release|Any CPU = Release|Any CPU
	EndGlobalSection
	GlobalSection(ProjectConfigurationPlatforms) = postSolution
		{1FC84690-E773-42E2-9009-4603CE61FD9D}.Debug|Any CPU.ActiveCfg = Debug|Any CPU
		{1FC84690-E773-42E2-9009-4603CE61FD9D}.Debug|Any CPU.Build.0 = Debug|Any CPU
		{1FC84690-E773-42E2-9009-4603CE61FD9D}.Release|Any CPU.ActiveCfg = Release|Any CPU
		{1FC84690-E773-42E2-9009-4603CE61FD9D}.Release|Any CPU.Build.0 = Release|Any CPU
	EndGlobalSection
	GlobalSection(SolutionProperties) = preSolution
		HideSolutionNode = FALSE
	EndGlobalSection
	GlobalSection(ExtensibilityGlobals) = postSolution
		SolutionGuid = {9B726A09-58D2-4B7A-B1AC-0C04D8001178}
	EndGlobalSection
EndGlobal
